version = 1
revision = 3
requires-python = ">=3.14"

[[package]]
name = "pybind11"
version = "3.0.3"
source = { registry = "https://pypi.org/simple" }
sdist = { url = "https://files.pythonhosted.org/packages/41/50/b83d65efc1914681f5aded4ce37c703408a9bb74829f27f041560ca52ffb/pybind11-3.0.3.tar.gz", hash = "sha256:00471cdb816882c484708bc5dde80815c8c11cea540ab2cc6410f5ddea434755", size = 587814, upload-time = "2026-03-31T23:42:06.481Z" }
wheels = [
    { url = "https://files.pythonhosted.org/packages/ab/87/99f21e9b20899d6dc1bf7544cfe53e5fa17acc21bb267971a540425357d3/pybind11-3.0.3-py3-none-any.whl", hash = "sha256:fb5f8e4a64946b4dcc0451c83a8c384f803bc0a62dd1ba02f199e97dbc9aad4c", size = 313717, upload-time = "2026-03-31T23:42:04.814Z" },
]

[[package]]
name = "qprofiler"
version = "0.1.0"
source = { virtual = "." }
dependencies = [
    { name = "pybind11" },
]

[package.metadata]
requires-dist = [{ name = "pybind11", specifier = ">=3.0.3" }]
